github.com/emirpasic/gods v1.18.1 h1:FXtiHYKDGKCW2KzwZKx0iC0PQmdlorYgdFG9jPXJ1Bc=
github.com/emirpasic/gods v1.18.1/go.mod h1:8tpGGwCnJ5H4r6BWwaV6OrWmMoPhUl5jm/FMNAnJvWQ=
github.com/emirpasic/gods/v2 v2.0.0-alpha h1:dwFlh8pBg1VMOXWGipNMRt8v96dKAIvBehtCt6OtunU=
github.com/emirpasic/gods/v2 v2.0.0-alpha/go.mod h1:W0y4M2dtBB9U5z3YlghmpuUhiaZT2h6yoeE+C1sCp6A=
github.com/umpc/go-sortedmap v0.0.0-20180422175548-64ab94c482f4 h1:qk1XyC6UGfPa51PGmsTQJavyhfMLScqw97pEV3sFClI=
github.com/umpc/go-sortedmap v0.0.0-20180422175548-64ab94c482f4/go.mod h1:X6iKjXCleSyo/LZzKZ9zDF/ZB2L9gC36I5gLMf32w3M=
